
Microsoft Visual Studio Solution File, Format Version 12.00
# Visual Studio Version 17
VisualStudioVersion = 17.11.35327.3
MinimumVisualStudioVersion = 10.0.40219.1
Project("{FAE04EC0-301F-11D3-BF4B-00C04F79EFBC}") = "Text Data Analyzer Project", "Text Data Analyzer Project\Text Data Analyzer Project.csproj", "{3AC829A2-D3C6-4237-963E-712D2274C644}"
EndProject
Global
	GlobalSection(SolutionConfigurationPlatforms) = preSolution
		Debug|Any CPU = Debug|Any CPU
		Release|Any CPU = Release|Any CPU
	EndGlobalSection
	GlobalSection(ProjectConfigurationPlatforms) = postSolution
		{3AC829A2-D3C6-4237-963E-712D2274C644}.Debug|Any CPU.ActiveCfg = Debug|Any CPU
		{3AC829A2-D3C6-4237-963E-712D2274C644}.Debug|Any CPU.Build.0 = Debug|Any CPU
		{3AC829A2-D3C6-4237-963E-712D2274C644}.Release|Any CPU.ActiveCfg = Release|Any CPU
		{3AC829A2-D3C6-4237-963E-712D2274C644}.Release|Any CPU.Build.0 = Release|Any CPU
	EndGlobalSection
	GlobalSection(SolutionProperties) = preSolution
		HideSolutionNode = FALSE
	EndGlobalSection
	GlobalSection(ExtensibilityGlobals) = postSolution
		SolutionGuid = {AD216651-1975-4DE0-A988-D5079BD4F2B3}
	EndGlobalSection
EndGlobal
